#MicroXplorer Configuration settings - do not modify
PA11.GPIO_Speed=GPIO_SPEED_FREQ_VERY_HIGH
PH0-OSC_IN.Locked=true
VP_TIM5_VS_ClockSourceINT.Mode=Internal
PD12.GPIO_Label=e_hall0A
PC7.GPIOParameters=GPIO_Label
PH0-OSC_IN.Signal=RCC_OSC_IN
USART2.IPParameters=VirtualMode,BaudRate
SPI4.VirtualType=VM_MASTER
PE11.GPIOParameters=GPIO_Speed,PinState,GPIO_Label
SPI1.VirtualType=VM_MASTER
SPI2.VirtualType=VM_MASTER
VP_TIM5_VS_ClockSourceINT.Signal=TIM5_VS_ClockSourceINT
NVIC.TIM6_DAC_IRQn=true\:1\:0\:true\:false\:true\:true\:true
PC12.Locked=true
RCC.PLLCLKFreq_Value=90000000
PC12.Signal=GPIO_Output
RCC.PLLQCLKFreq_Value=90000000
PC7.Locked=true
PD3.GPIOParameters=GPIO_Speed,GPIO_Label
TIM10.ClockDivision=TIM_CLOCKDIVISION_DIV1
PD8.Locked=true
PE11.PinState=GPIO_PIN_SET
PC6.GPIO_Label=mtr2_pwm0
PC3.Locked=true
PA3.GPIOParameters=GPIO_Speed,PinState,GPIO_Label
PD0.Locked=true
PD4.Locked=true
PD2.GPIOParameters=GPIO_Speed,GPIO_Label
SH.S_TIM1_CH1.ConfNb=1
PA3.GPIO_Speed=GPIO_SPEED_FREQ_VERY_HIGH
PB13.Signal=SPI2_SCK
RCC.SAIAFreq_Value=96000000
PD3.GPIO_Speed=GPIO_SPEED_FREQ_VERY_HIGH
PA2.GPIOParameters=GPIO_Label
PC15-OSC32_OUT.GPIO_Label=en_vlv1
PinOutPanel.RotationAngle=90
PE6.GPIO_Label=en_vlv4
RCC.SYSCLKSource=RCC_SYSCLKSOURCE_PLLCLK
NVIC.SVCall_IRQn=true\:0\:0\:false\:false\:true\:false\:false
SH.S_TIM3_CH2.ConfNb=1
SPI1.Direction=SPI_DIRECTION_2LINES
Dma.USART2_RX.0.PeriphDataAlignment=DMA_PDATAALIGN_BYTE
TIM2.IPParameters=Prescaler,Period,AutoReloadPreload,Channel-PWM Generation1 CH1,Channel-PWM Generation2 CH2,Pulse-PWM Generation1 CH1,Pulse-PWM Generation2 CH2,OCPolarity_1,OCPolarity_2
PD4.Signal=GPIO_Output
RCC.APB2TimFreq_Value=45000000
PB6.Signal=USART1_TX
VP_TIM10_VS_ClockSourceINT.Mode=Enable_Timer
PC7.Signal=S_TIM8_CH2
PB12.PinState=GPIO_PIN_SET
SPI1.CalculateBaudRate=22.5 MBits/s
PC3.Signal=GPIO_Output
PD0.Signal=GPIO_Output
PD8.Signal=GPIO_Output
VP_TIM2_VS_ClockSourceINT.Signal=TIM2_VS_ClockSourceINT
PE5.Signal=GPIO_Output
PE10.Locked=true
PE1.Signal=GPIO_Output
PB13.Locked=true
PE14.Locked=true
ProjectManager.ProjectBuild=false
NVIC.TIM1_TRG_COM_TIM11_IRQn=true\:2\:0\:true\:false\:true\:true\:true
NVIC.UsageFault_IRQn=true\:0\:0\:false\:false\:true\:false\:false
PB2.Signal=GPIO_Output
PB3.Mode=JTAG_4_pins
PA8.Locked=true
PA4.Locked=true
PD1.GPIOParameters=GPIO_Speed,GPIO_Label
PD1.GPIO_Label=mtr3_in2
PB12.GPIO_Label=SD_CS
ProjectManager.FirmwarePackage=STM32Cube FW_F4 V1.26.2
MxDb.Version=DB.6.0.21
PB0.GPIOParameters=GPIO_Speed,PinState,GPIO_Label
PE15.Locked=true
PE0.GPIOParameters=GPIO_Label
PA1.GPIOParameters=GPIO_Label
ProjectManager.BackupPrevious=false
PC4.GPIO_Label=adc0_cnvst
PB1.GPIO_Speed=GPIO_SPEED_FREQ_VERY_HIGH
PE9.Signal=GPIO_Output
PD1.GPIO_Speed=GPIO_SPEED_FREQ_VERY_HIGH
PE9.Locked=true
PB14.Mode=Full_Duplex_Master
PB1.GPIO_Label=adc1_cnvst
PE4.GPIO_Label=en_vlv6
SPI2.CalculateBaudRate=22.5 MBits/s
PH1-OSC_OUT.Locked=true
PC11.GPIO_Speed=GPIO_SPEED_FREQ_VERY_HIGH
PE2.Signal=GPIO_Output
PA8.Signal=S_TIM1_CH1
RCC.PLLRCLKFreq_Value=90000000
PE13.Mode=Full_Duplex_Master
PE1.Locked=true
PB6.Locked=true
NVIC.PendSV_IRQn=true\:0\:0\:false\:false\:true\:false\:false
PC10.PinState=GPIO_PIN_RESET
PE10.Signal=GPIO_Output
RCC.PLLI2SoutputFreq_Value=96000000
ProjectManager.HalAssertFull=false
SH.S_TIM8_CH1.ConfNb=1
RCC.MCO2PinFreq_Value=90000000
TIM11.ClockDivision=TIM_CLOCKDIVISION_DIV1
PC8.GPIOParameters=GPIO_Label
Mcu.Package=LQFP100
PB9.Signal=S_TIM2_CH2
TIM2.Prescaler=44999
PB1.Signal=GPIO_Output
SPI2.Mode=SPI_MODE_MASTER
RCC.I2S2Freq_Value=96000000
PD11.Locked=true
PE10.GPIOParameters=GPIO_Speed,PinState,GPIO_Label
PD12.Signal=GPIO_Input
VP_SYS_VS_Systick.Signal=SYS_VS_Systick
PA10.Signal=S_TIM1_CH3
VP_TIM11_VS_ClockSourceINT.Signal=TIM11_VS_ClockSourceINT
TIM7.AutoReloadPreload=TIM_AUTORELOAD_PRELOAD_ENABLE
TIM2.Pulse-PWM\ Generation2\ CH2=0
PE8.GPIO_Speed=GPIO_SPEED_FREQ_VERY_HIGH
RCC.CECFreq_Value=32786.88524590164
RCC.APB1TimFreq_Value=45000000
NVIC.BusFault_IRQn=true\:0\:0\:false\:false\:true\:false\:false
TIM3.Pulse-PWM\ Generation2\ CH2=0
PB10.GPIOParameters=GPIO_Speed,PinState,GPIO_Label
PB13.Mode=Full_Duplex_Master
PE6.Locked=true
PC15-OSC32_OUT.GPIOParameters=GPIO_Label
PE10.GPIO_Label=tc1_cs
PD5.Locked=true
PA4.GPIO_Label=adc0_eoc
ProjectManager.CustomerFirmwarePackage=
PC4.GPIOParameters=GPIO_Speed,PinState,GPIO_Label
RCC.PLLSAIQCLKFreq_Value=96000000
PA5.Mode=Full_Duplex_Master
SH.S_TIM8_CH3.0=TIM8_CH3
PE12.Mode=Full_Duplex_Master
Mcu.Pin80=VP_IWDG_VS_IWDG
Mcu.Pin81=VP_SYS_VS_Systick
ProjectManager.ProjectFileName=tsm-flight-ec-firmware-pressboard-port.ioc
TIM5.IPParameters=AutoReloadPreload,Prescaler
Mcu.Pin79=PE1
PD9.GPIO_Label=mtr2_in0
Mcu.PinsNb=90
PC4.PinState=GPIO_PIN_SET
TIM3.AutoReloadPreload=TIM_AUTORELOAD_PRELOAD_ENABLE
PC11.Locked=true
Mcu.Pin73=PB5
Mcu.Pin74=PB6
Mcu.Pin71=PB3
PE11.GPIO_Speed=GPIO_SPEED_FREQ_VERY_HIGH
Mcu.Pin72=PB4
PC13.Locked=true
Mcu.Pin77=PB9
Mcu.Pin78=PE0
Mcu.Pin75=PB7
PA9.GPIO_Label=mtr3_pwm1
PC13.Signal=GPIO_Output
Mcu.Pin76=PB8
PD3.Signal=GPIO_Output
Mcu.Pin70=PD7
PC2.Signal=GPIO_Output
PC6.Signal=S_TIM8_CH1
Dma.USART2_RX.0.Direction=DMA_PERIPH_TO_MEMORY
PD13.GPIOParameters=GPIO_Label
PD7.Signal=GPIO_Output
PD1.Signal=GPIO_Output
PA11.GPIO_Label=mtr0_inB1
SPI1.CLKPhase=SPI_PHASE_2EDGE
TIM11.Prescaler=44999
Mcu.Pin68=PD5
Mcu.Pin69=PD6
PC0.Signal=GPIO_Output
PB14.Locked=true
TIM2.OCPolarity_1=TIM_OCPOLARITY_LOW
PC14-OSC32_IN.Signal=GPIO_Output
TIM2.OCPolarity_2=TIM_OCPOLARITY_LOW
PC11.GPIOParameters=GPIO_Speed,GPIO_Label
PD6.Mode=Asynchronous
Mcu.Pin62=PC12
Mcu.Pin63=PD0
Mcu.Pin60=PC10
USART2.BaudRate=115200
Mcu.Pin61=PC11
SH.S_TIM2_CH1_ETR.ConfNb=1
Mcu.Pin66=PD3
SH.S_TIM8_CH2.0=TIM8_CH2
Mcu.Pin67=PD4
Mcu.Pin64=PD1
PA0-WKUP.GPIO_Label=e_hall1A
Mcu.Pin65=PD2
PA0-WKUP.Signal=GPIO_Input
PD0.GPIO_Speed=GPIO_SPEED_FREQ_VERY_HIGH
PC3.GPIOParameters=GPIO_Label
VP_TIM6_VS_ClockSourceINT.Signal=TIM6_VS_ClockSourceINT
PD10.Signal=GPIO_Output
PB8.GPIO_Label=mtr0_pwmA
PA11.Locked=true
PA8.GPIO_Label=mtr3_pwm0
PC15-OSC32_OUT.Locked=true
Mcu.Pin59=PA15
TIM3.Pulse-PWM\ Generation1\ CH1=0
Mcu.Pin57=PA13
Mcu.Pin58=PA14
Mcu.Pin51=PC9
Mcu.Pin52=PA8
Mcu.Pin50=PC8
PD11.GPIO_Speed=GPIO_SPEED_FREQ_VERY_HIGH
Mcu.Pin55=PA11
Mcu.Pin56=PA12
Mcu.Pin53=PA9
PE8.GPIO_Label=adc2_cnvst
Mcu.Pin54=PA10
PC6.Locked=true
PA9.Signal=S_TIM1_CH2
SH.S_TIM2_CH2.ConfNb=1
PB5.Locked=true
PB9.Locked=true
PD7.Locked=true
PE9.GPIO_Label=tc0_cs
Mcu.Pin48=PC6
Mcu.Pin49=PC7
Mcu.Pin46=PD13
Mcu.Pin47=PD14
PB10.Signal=GPIO_Output
TIM13.IPParameters=Prescaler,Period,AutoReloadPreload
PB14.Signal=SPI2_MISO
PA5.Signal=SPI1_SCK
Mcu.Pin40=PB15
Mcu.Pin41=PD8
Mcu.Pin44=PD11
SH.S_TIM8_CH1.0=TIM8_CH1
Mcu.Pin45=PD12
Mcu.Pin42=PD9
Mcu.Pin43=PD10
TIM13.Period=999
PE1.GPIO_Label=en_vlv0
ProjectManager.LastFirmware=true
VP_TIM13_VS_ClockSourceINT.Mode=Enable_Timer
PE14.Signal=SPI4_MOSI
PE15.Signal=GPIO_Output
Mcu.Pin37=PB12
PB4.GPIO_Label=mtr1_pwmA
Mcu.Pin38=PB13
Mcu.Pin35=PE15
TIM13.Prescaler=44
PE8.Signal=GPIO_Output
Mcu.Pin36=PB10
RCC.PLLI2SPCLKFreq_Value=96000000
SPI1.Mode=SPI_MODE_MASTER
PD4.GPIO_Speed=GPIO_SPEED_FREQ_VERY_HIGH
Mcu.Pin39=PB14
PC2.GPIOParameters=GPIO_Label
Mcu.Pin30=PE10
PA1.GPIO_Label=e_hall1B
Mcu.Pin33=PE13
TIM3.IPParameters=Channel-PWM Generation1 CH1,Channel-PWM Generation2 CH2,Prescaler,Period,Pulse-PWM Generation1 CH1,Pulse-PWM Generation2 CH2,AutoReloadPreload,OCPolarity_2,OCPolarity_1
Mcu.Pin34=PE14
Mcu.Pin31=PE11
Mcu.Pin32=PE12
PA9.Locked=true
NVIC.NonMaskableInt_IRQn=true\:0\:0\:false\:false\:true\:false\:false
RCC.AHBCLKDivider=RCC_SYSCLK_DIV2
PC10.GPIOParameters=GPIO_Speed,PinState,GPIO_Label
TIM2.Period=99
PE7.Locked=true
PA13.Mode=JTAG_4_pins
ProjectManager.FreePins=false
PC9.GPIOParameters=GPIO_Speed,GPIO_Label
IWDG.IPParameters=Prescaler,Reload
Dma.USART2_RX.0.MemInc=DMA_MINC_ENABLE
RCC.PLLI2SQCLKFreq_Value=96000000
Mcu.Pin26=PB2
Mcu.Pin27=PE7
Mcu.Pin24=PB0
ProjectManager.UnderRoot=true
Mcu.Pin25=PB1
PE13.Locked=true
Mcu.Pin28=PE8
PC7.GPIO_Label=mtr2_pwm1
Mcu.Pin29=PE9
PB4.Locked=true
PA4.Signal=GPIO_Input
PD14.GPIOParameters=GPIO_Label
Mcu.Pin22=PC4
PB5.Signal=S_TIM3_CH2
Mcu.Pin23=PC5
Mcu.Pin20=PA6
PA3.Locked=true
Mcu.Pin21=PA7
PD10.Locked=true
PA10.Locked=true
NVIC.ForceEnableDMAVector=true
PD11.Signal=GPIO_Output
NVIC.MemoryManagement_IRQn=true\:0\:0\:false\:false\:true\:false\:false
PE5.GPIO_Label=en_vlv5
PC12.GPIO_Label=mtr3_in0
ProjectManager.CompilerOptimize=6
PA11.Signal=GPIO_Output
SH.S_TIM2_CH1_ETR.0=TIM2_CH1,PWM Generation1 CH1
ProjectManager.HeapSize=0x200
Mcu.Pin15=PA1
NVIC.HardFault_IRQn=true\:0\:0\:false\:false\:true\:false\:false
Mcu.Pin16=PA2
Mcu.Pin13=PC3
Mcu.Pin14=PA0-WKUP
Mcu.Pin19=PA5
SH.S_TIM3_CH1.ConfNb=1
NVIC.TIM1_UP_TIM10_IRQn=true\:2\:0\:true\:false\:true\:true\:true
ProjectManager.ComputerToolchain=false
Mcu.Pin17=PA3
Mcu.Pin18=PA4
PD8.GPIO_Speed=GPIO_SPEED_FREQ_VERY_HIGH
NVIC.TIM8_UP_TIM13_IRQn=true\:1\:0\:true\:false\:true\:true\:true
SPI4.CLKPhase=SPI_PHASE_1EDGE
PC9.GPIO_Speed=GPIO_SPEED_FREQ_VERY_HIGH
NVIC.PriorityGroup=NVIC_PRIORITYGROUP_3
Mcu.Pin11=PC1
TIM3.Channel-PWM\ Generation2\ CH2=TIM_CHANNEL_2
Mcu.Pin12=PC2
PE15.GPIO_Speed=GPIO_SPEED_FREQ_VERY_HIGH
PD0.GPIOParameters=GPIO_Speed,GPIO_Label
Mcu.Pin10=PC0
PE2.Locked=true
PE3.Signal=GPIO_Output
TIM2.AutoReloadPreload=TIM_AUTORELOAD_PRELOAD_ENABLE
PC3.GPIO_Label=LED3
PA3.PinState=GPIO_PIN_SET
RCC.PWRFreq_Value=90000000
PD2.Signal=GPIO_Output
PD1.Locked=true
PB0.Signal=GPIO_Output
PC0.Locked=true
PB12.GPIOParameters=GPIO_Speed,PinState,GPIO_Label
PC1.Signal=GPIO_Output
PD2.GPIO_Label=mtr1_inA0
PD7.GPIOParameters=GPIO_Speed,GPIO_Label
Mcu.Family=STM32F4
ProjectManager.MainLocation=Core/Src
PB10.PinState=GPIO_PIN_SET
VP_TIM10_VS_ClockSourceINT.Signal=TIM10_VS_ClockSourceINT
PA6.Mode=Full_Duplex_Master
PE8.PinState=GPIO_PIN_SET
RCC.CortexFreq_Value=45000000
ProjectManager.KeepUserCode=true
Mcu.UserName=STM32F446VETx
PB10.GPIO_Speed=GPIO_SPEED_FREQ_VERY_HIGH
PD9.GPIOParameters=GPIO_Speed,GPIO_Label
PE11.GPIO_Label=tc2_cs
PC10.Locked=true
PC10.Signal=GPIO_Output
VP_IWDG_VS_IWDG.Mode=IWDG_Activate
PC5.Locked=true
SPI4.Direction=SPI_DIRECTION_2LINES
PB2.GPIO_Speed=GPIO_SPEED_FREQ_VERY_HIGH
PA12.GPIOParameters=GPIO_Label
ProjectManager.functionlistsort=1-MX_GPIO_Init-GPIO-false-HAL-true,2-MX_DMA_Init-DMA-false-HAL-true,3-SystemClock_Config-RCC-false-HAL-false,4-MX_SPI1_Init-SPI1-false-HAL-true,5-MX_SPI2_Init-SPI2-false-HAL-true,6-MX_SPI4_Init-SPI4-false-HAL-true,7-MX_USART2_UART_Init-USART2-false-HAL-true,8-MX_TIM2_Init-TIM2-false-HAL-true,9-MX_TIM6_Init-TIM6-false-HAL-true,10-MX_TIM7_Init-TIM7-false-HAL-true,11-MX_TIM10_Init-TIM10-false-HAL-true,12-MX_TIM11_Init-TIM11-false-HAL-true,13-MX_TIM3_Init-TIM3-false-HAL-true,14-MX_TIM5_Init-TIM5-false-HAL-true,15-MX_TIM13_Init-TIM13-false-HAL-true
PC0.GPIOParameters=GPIO_Label
PA9.GPIOParameters=GPIO_Label
PE2.GPIO_Speed=GPIO_SPEED_FREQ_LOW
PD9.GPIO_Speed=GPIO_SPEED_FREQ_VERY_HIGH
PA11.GPIOParameters=GPIO_Speed,GPIO_Label
PC0.GPIO_Label=LED0
PD0.GPIO_Label=mtr3_in1
PE9.GPIO_Speed=GPIO_SPEED_FREQ_VERY_HIGH
PC9.Locked=true
PD2.GPIO_Speed=GPIO_SPEED_FREQ_VERY_HIGH
PD6.Locked=true
PB0.GPIO_Label=adc1_cs
RCC.PLLI2SRCLKFreq_Value=96000000
PC10.GPIO_Speed=GPIO_SPEED_FREQ_VERY_HIGH
PD2.Locked=true
SH.S_TIM1_CH3.ConfNb=1
TIM2.Channel-PWM\ Generation2\ CH2=TIM_CHANNEL_2
PC13.GPIO_Label=en_vlv3
PC1.Locked=true
PB15.Signal=SPI2_MOSI
TIM13.AutoReloadPreload=TIM_AUTORELOAD_PRELOAD_ENABLE
PE5.GPIOParameters=GPIO_Label
ProjectManager.StackSize=0x400
PB5.GPIOParameters=GPIO_Label
VP_TIM7_VS_ClockSourceINT.Mode=Enable_Timer
PD13.Signal=GPIO_Input
Mcu.IP4=SPI1
RCC.FCLKCortexFreq_Value=45000000
Mcu.IP5=SPI2
PD13.Locked=true
Mcu.IP2=NVIC
Mcu.IP3=RCC
PB4.GPIOParameters=GPIO_Label
Mcu.IP0=DMA
PA12.Locked=true
Mcu.IP1=IWDG
PA12.Signal=GPIO_Output
PE4.GPIOParameters=GPIO_Label
SPI1.CLKPolarity=SPI_POLARITY_HIGH
Mcu.UserConstants=
SPI4.Mode=SPI_MODE_MASTER
PC1.GPIOParameters=GPIO_Label
PB0.PinState=GPIO_PIN_SET
Dma.USART2_RX.0.Priority=DMA_PRIORITY_HIGH
Mcu.ThirdPartyNb=0
RCC.SDIOFreq_Value=90000000
PD11.GPIO_Label=mtr2_in2
RCC.HCLKFreq_Value=45000000
Mcu.IPNb=17
ProjectManager.PreviousToolchain=STM32CubeIDE
TIM3.Period=99
RCC.SPDIFRXFreq_Value=90000000
PD8.GPIOParameters=GPIO_Speed,PinState,GPIO_Label
PA8.GPIOParameters=GPIO_Label
Mcu.Pin6=PC14-OSC32_IN
TIM7.Period=4
Mcu.Pin7=PC15-OSC32_OUT
Mcu.Pin8=PH0-OSC_IN
Mcu.Pin9=PH1-OSC_OUT
RCC.VCOSAIOutputFreq_Value=192000000
SPI4.IPParameters=VirtualType,Mode,Direction,CalculateBaudRate,BaudRatePrescaler,CLKPolarity,CLKPhase
SPI4.CLKPolarity=SPI_POLARITY_LOW
RCC.AHBFreq_Value=45000000
SPI2.BaudRatePrescaler=SPI_BAUDRATEPRESCALER_2
PH0-OSC_IN.Mode=HSE-External-Clock-Source
Mcu.Pin0=PE2
TIM11.IPParameters=Prescaler,Period,AutoReloadPreload,ClockDivision
Mcu.Pin1=PE3
PD5.Mode=Asynchronous
TIM3.Channel-PWM\ Generation1\ CH1=TIM_CHANNEL_1
GPIO.groupedBy=Group By Peripherals
Mcu.Pin2=PE4
Mcu.Pin3=PE5
Mcu.Pin4=PE6
PA0-WKUP.GPIOParameters=GPIO_Label
PD10.GPIOParameters=GPIO_Speed,GPIO_Label
Mcu.Pin5=PC13
TIM10.AutoReloadPreload=TIM_AUTORELOAD_PRELOAD_ENABLE
RCC.HSE_VALUE=16000000
NVIC.DebugMonitor_IRQn=true\:0\:0\:false\:false\:true\:false\:false
Mcu.IP10=TIM5
PA15.Mode=JTAG_4_pins
NVIC.SysTick_IRQn=true\:0\:0\:false\:false\:true\:false\:true
Mcu.IP12=TIM7
Mcu.IP11=TIM6
PD7.GPIO_Speed=GPIO_SPEED_FREQ_VERY_HIGH
PC4.GPIO_Speed=GPIO_SPEED_FREQ_VERY_HIGH
VP_TIM7_VS_ClockSourceINT.Signal=TIM7_VS_ClockSourceINT
Mcu.IP14=TIM11
Mcu.IP13=TIM10
PE13.Signal=SPI4_MISO
Mcu.IP16=USART2
Dma.USART2_RX.0.MemDataAlignment=DMA_MDATAALIGN_BYTE
Mcu.IP15=TIM13
RCC.VCOInputFreq_Value=2000000
PA14.Mode=JTAG_4_pins
PE8.Locked=true
TIM3.Prescaler=44999
PC11.GPIO_Label=mtr0_inA1
File.Version=6
PA10.GPIO_Label=mtr3_pwm2
Dma.USART2_RX.0.Instance=DMA1_Stream5
PE3.GPIOParameters=GPIO_Label
PE3.Locked=true
PB7.Signal=USART1_RX
PB8.Locked=true
TIM2.Channel-PWM\ Generation1\ CH1=TIM_CHANNEL_1
SH.S_TIM3_CH1.0=TIM3_CH1,PWM Generation1 CH1
TIM6.Period=999
PE10.GPIO_Speed=GPIO_SPEED_FREQ_VERY_HIGH
PD10.GPIO_Speed=GPIO_SPEED_FREQ_VERY_HIGH
PE4.Signal=GPIO_Output
PE6.GPIOParameters=GPIO_Label
Dma.RequestsNb=1
SPI4.BaudRatePrescaler=SPI_BAUDRATEPRESCALER_16
PB0.Locked=true
PC14-OSC32_IN.GPIOParameters=GPIO_Label
ProjectManager.ProjectName=tsm-flight-ec-firmware-pressboard-port
SH.S_TIM8_CH3.ConfNb=1
PD7.GPIO_Label=mtr1_inB1
TIM3.OCPolarity_1=TIM_OCPOLARITY_LOW
PB1.PinState=GPIO_PIN_SET
TIM3.OCPolarity_2=TIM_OCPOLARITY_LOW
PH1-OSC_OUT.Mode=HSE-External-Clock-Source
PD13.GPIO_Label=e_hall0B
PA6.Signal=SPI1_MISO
Dma.USART2_RX.0.PeriphInc=DMA_PINC_DISABLE
USART2.VirtualMode=VM_ASYNC
Dma.USART2_RX.0.FIFOMode=DMA_FIFOMODE_DISABLE
ProjectManager.ToolChainLocation=
PA2.GPIO_Label=e_hall1C
PD14.Locked=true
IWDG.Reload=624
PA15.Signal=SYS_JTDI
VP_TIM13_VS_ClockSourceINT.Signal=TIM13_VS_ClockSourceINT
PE0.GPIO_Label=GPIO_1
PB5.GPIO_Label=mtr1_pwmB
PC4.Locked=true
PC14-OSC32_IN.GPIO_Label=en_vlv2
SPI2.Direction=SPI_DIRECTION_2LINES
PC5.Signal=GPIO_Input
PD3.GPIO_Label=mtr1_inA1
PE7.Signal=GPIO_Input
PD6.Signal=USART2_RX
RCC.SAIBFreq_Value=96000000
Dma.Request0=USART2_RX
SPI1.BaudRatePrescaler=SPI_BAUDRATEPRESCALER_2
TIM10.IPParameters=Prescaler,Period,AutoReloadPreload,ClockDivision
PE9.PinState=GPIO_PIN_SET
PE2.GPIO_Label=en_vlv8
PC2.GPIO_Label=LED2
PE12.Locked=true
NVIC.TIM7_IRQn=true\:2\:0\:true\:false\:true\:true\:true
VP_TIM3_VS_ClockSourceINT.Mode=Internal
PC14-OSC32_IN.Locked=true
Mcu.Pin84=VP_TIM5_VS_ClockSourceINT
Mcu.Pin85=VP_TIM6_VS_ClockSourceINT
PB15.Locked=true
PB3.Locked=true
PB4.Signal=S_TIM3_CH1
Mcu.Pin82=VP_TIM2_VS_ClockSourceINT
Mcu.Pin83=VP_TIM3_VS_ClockSourceINT
PA3.Signal=GPIO_Output
Mcu.Pin88=VP_TIM11_VS_ClockSourceINT
Mcu.Pin89=VP_TIM13_VS_ClockSourceINT
Mcu.Pin86=VP_TIM7_VS_ClockSourceINT
PA2.Locked=true
Mcu.Pin87=VP_TIM10_VS_ClockSourceINT
PE10.PinState=GPIO_PIN_SET
RCC.PLLSourceVirtual=RCC_PLLSOURCE_HSE
TIM10.Prescaler=44999
PE8.GPIOParameters=GPIO_Speed,PinState,GPIO_Label
PB8.GPIOParameters=GPIO_Label
PA7.Mode=Full_Duplex_Master
PB9.GPIO_Label=mtr0_pwmB
PC10.GPIO_Label=mtr0_inA0
PC9.GPIO_Label=mtr0_inB0
ProjectManager.NoMain=false
SPI1.IPParameters=VirtualType,Mode,Direction,CalculateBaudRate,CLKPolarity,CLKPhase,BaudRatePrescaler
PC11.Signal=GPIO_Output
RCC.FMPI2C1Freq_Value=45000000
RCC.VCOI2SInputFreq_Value=1000000
PC8.Signal=S_TIM8_CH3
TIM6.Prescaler=44
PC4.Signal=GPIO_Output
VP_TIM6_VS_ClockSourceINT.Mode=Enable_Timer
ProjectManager.DefaultFWLocation=true
PD9.Signal=GPIO_Output
PD5.Signal=USART2_TX
PB12.Locked=true
ProjectManager.DeletePrevious=true
PB10.Locked=true
NVIC.USART2_IRQn=true\:0\:0\:true\:false\:true\:true\:true
PA12.GPIO_Label=GPIO_3
RCC.FamilyName=M
TIM5.AutoReloadPreload=TIM_AUTORELOAD_PRELOAD_ENABLE
VP_TIM11_VS_ClockSourceINT.Mode=Enable_Timer
TIM2.Pulse-PWM\ Generation1\ CH1=0
PA0-WKUP.Locked=true
Dma.USART2_RX.0.Mode=DMA_CIRCULAR
PE9.GPIOParameters=GPIO_Speed,PinState,GPIO_Label
PE15.GPIOParameters=GPIO_Speed,PinState,GPIO_Label
PD8.GPIO_Label=FLASH_CS
PB9.GPIOParameters=GPIO_Label
PB0.GPIO_Speed=GPIO_SPEED_FREQ_VERY_HIGH
PD12.Locked=true
PC8.GPIO_Label=mtr2_pwm2
PC12.GPIOParameters=GPIO_Speed,GPIO_Label
PA13.Signal=SYS_JTMS-SWDIO
TIM6.AutoReloadPreload=TIM_AUTORELOAD_PRELOAD_ENABLE
SH.S_TIM2_CH2.0=TIM2_CH2,PWM Generation2 CH2
TIM6.IPParameters=Prescaler,Period,AutoReloadPreload
PE15.GPIO_Label=tc3_cs
SH.S_TIM1_CH1.0=TIM1_CH1
PD12.GPIOParameters=GPIO_Label
ProjectManager.TargetToolchain=STM32CubeIDE
PB10.GPIO_Label=tc4_cs
PE7.GPIOParameters=GPIO_Label
NVIC.DMA1_Stream5_IRQn=true\:0\:0\:false\:false\:true\:false\:true
PC5.GPIOParameters=GPIO_Label
PB2.GPIOParameters=GPIO_Speed,PinState,GPIO_Label
RCC.I2S1Freq_Value=96000000
PE4.Locked=true
SPI2.IPParameters=VirtualType,Mode,Direction,CalculateBaudRate,BaudRatePrescaler
PE2.GPIOParameters=GPIO_Speed,GPIO_Label
PC2.Locked=true
ProjectManager.RegisterCallBack=
PE0.Locked=true
RCC.USBFreq_Value=90000000
PD10.GPIO_Label=mtr2_in1
VP_TIM3_VS_ClockSourceINT.Signal=TIM3_VS_ClockSourceINT
RCC.PLLSAIoutputFreq_Value=96000000
PE11.Signal=GPIO_Output
PC15-OSC32_OUT.Signal=GPIO_Output
PD3.Locked=true
PA1.Signal=GPIO_Input
PB12.GPIO_Speed=GPIO_SPEED_FREQ_VERY_HIGH
PB1.Locked=true
SH.S_TIM1_CH2.ConfNb=1
RCC.VCOI2SOutputFreq_Value=192000000
SH.S_TIM3_CH2.0=TIM3_CH2,PWM Generation2 CH2
RCC.PLLSAIPCLKFreq_Value=96000000
TIM7.Prescaler=44999
board=custom
RCC.VCOOutputFreq_Value=180000000
PB15.Mode=Full_Duplex_Master
TIM11.Period=99
PD11.GPIOParameters=GPIO_Speed,GPIO_Label
TIM10.Period=49
RCC.APB2Freq_Value=45000000
TIM7.IPParameters=Prescaler,Period,AutoReloadPreload
MxCube.Version=6.2.1
SH.S_TIM1_CH2.0=TIM1_CH2
VP_TIM2_VS_ClockSourceINT.Mode=Internal
PC13.GPIOParameters=GPIO_Label
PD4.GPIO_Label=mtr1_inB0
PE14.Mode=Full_Duplex_Master
PE1.GPIO_Speed=GPIO_SPEED_FREQ_LOW
PC1.GPIO_Label=LED1
PA10.GPIOParameters=GPIO_Label
PD4.GPIOParameters=GPIO_Speed,GPIO_Label
VP_SYS_VS_Systick.Mode=SysTick
PH1-OSC_OUT.Signal=RCC_OSC_OUT
SPI4.CalculateBaudRate=2.8125 MBits/s
PD14.GPIO_Label=e_hall0C
PA4.GPIOParameters=GPIO_Label
PE5.Locked=true
PE6.Signal=GPIO_Output
RCC.IPParameters=AHBCLKDivider,AHBFreq_Value,APB1Freq_Value,APB1TimFreq_Value,APB2Freq_Value,APB2TimFreq_Value,CECFreq_Value,CortexFreq_Value,FCLKCortexFreq_Value,FMPI2C1Freq_Value,FamilyName,HCLKFreq_Value,HSE_VALUE,I2S1Freq_Value,I2S2Freq_Value,MCO2PinFreq_Value,PLLCLKFreq_Value,PLLI2SPCLKFreq_Value,PLLI2SQCLKFreq_Value,PLLI2SRCLKFreq_Value,PLLI2SoutputFreq_Value,PLLM,PLLN,PLLQCLKFreq_Value,PLLRCLKFreq_Value,PLLSAIPCLKFreq_Value,PLLSAIQCLKFreq_Value,PLLSAIoutputFreq_Value,PLLSourceVirtual,PWRFreq_Value,SAIAFreq_Value,SAIBFreq_Value,SDIOFreq_Value,SPDIFRXFreq_Value,SYSCLKFreq_VALUE,SYSCLKSource,USBFreq_Value,VCOI2SInputFreq_Value,VCOI2SOutputFreq_Value,VCOInputFreq_Value,VCOOutputFreq_Value,VCOSAIInputFreq_Value,VCOSAIOutputFreq_Value
PE11.Locked=true
ProjectManager.AskForMigrate=true
Mcu.Name=STM32F446V(C-E)Tx
PB2.PinState=GPIO_PIN_SET
PE0.Signal=GPIO_Output
PE7.GPIO_Label=adc2_eoc
PE12.Signal=SPI4_SCK
PA2.Signal=GPIO_Input
PB2.Locked=true
Mcu.IP8=TIM2
Mcu.IP9=TIM3
PD14.Signal=GPIO_Input
Mcu.IP6=SPI4
RCC.VCOSAIInputFreq_Value=1000000
Mcu.IP7=SYS
ProjectManager.CoupleFile=false
PB3.Signal=SYS_JTDO-SWO
RCC.SYSCLKFreq_VALUE=90000000
PA1.Locked=true
KeepUserPlacement=false
TIM5.Prescaler=44
PC5.GPIO_Label=adc1_eoc
VP_IWDG_VS_IWDG.Signal=IWDG_VS_IWDG
PA14.Signal=SYS_JTCK-SWCLK
PB2.GPIO_Label=adc2_cs
PC6.GPIOParameters=GPIO_Label
SH.S_TIM1_CH3.0=TIM1_CH3
TIM11.AutoReloadPreload=TIM_AUTORELOAD_PRELOAD_ENABLE
RCC.PLLM=8
RCC.PLLN=90
IWDG.Prescaler=IWDG_PRESCALER_256
PB7.Locked=true
PB8.Signal=S_TIM2_CH1_ETR
PE3.GPIO_Label=en_vlv7
PC8.Locked=true
PC9.Signal=GPIO_Output
PD9.Locked=true
RCC.APB1Freq_Value=45000000
PD8.PinState=GPIO_PIN_SET
PC12.GPIO_Speed=GPIO_SPEED_FREQ_VERY_HIGH
Dma.USART2_RX.0.RequestParameters=Instance,Direction,PeriphInc,MemInc,PeriphDataAlignment,MemDataAlignment,Mode,Priority,FIFOMode
PE15.PinState=GPIO_PIN_SET
ProjectManager.DeviceId=STM32F446VETx
SH.S_TIM8_CH2.ConfNb=1
PB12.Signal=GPIO_Output
ProjectManager.LibraryCopy=1
PE1.GPIOParameters=GPIO_Speed,GPIO_Label
PA3.GPIO_Label=adc0_cs
PB1.GPIOParameters=GPIO_Speed,PinState,GPIO_Label
PA7.Signal=SPI1_MOSI
isbadioc=false
